{
    "_readme": [
        "This file locks the dependencies of your project to a known state",
        "Read more about it at https://getcomposer.org/doc/01-basic-usage.md#installing-dependencies",
        "This file is @generated automatically"
    ],
    "content-hash": "234c4dc8370438285b141a97847daf97",
    "packages": [
        {
            "name": "krokedil/settings-page",
            "version": "1.3.2",
            "source": {
                "type": "git",
                "url": "https://github.com/krokedil/settings-page.git",
                "reference": "2d50b3b3d539d9418a3e2d699d3829e9a5c0566c"
            },
            "dist": {
                "type": "zip",
                "url": "https://api.github.com/repos/krokedil/settings-page/zipball/2d50b3b3d539d9418a3e2d699d3829e9a5c0566c",
                "reference": "2d50b3b3d539d9418a3e2d699d3829e9a5c0566c",
                "shasum": ""
            },
            "require-dev": {
                "php-stubs/woocommerce-stubs": "dev-master",
                "wp-coding-standards/wpcs": "dev-develop"
            },
            "type": "library",
            "autoload": {
                "psr-4": {
                    "Krokedil\\SettingsPage\\": "src/"
                }
            },
            "scripts": {
                "makepot": [
                    "wp --allow-root i18n make-pot ./src ./languages/krokedil-settings.pot --domain=krokedil-settings"
                ]
            },
            "license": [
                "GPL-V2"
            ],
            "authors": [
                {
                    "name": "Krokedil AB",
                    "email": "info@krokedil.se"
                }
            ],
            "description": "A package to help setup settings pages in WordPress and WooCommerce for Krokedil plugins to add the Addons and Support tabs",
            "support": {
                "source": "https://github.com/krokedil/settings-page/tree/1.3.2",
                "issues": "https://github.com/krokedil/settings-page/issues"
            },
            "time": "2026-01-23T10:41:25+00:00"
        },
        {
            "name": "krokedil/woocommerce",
            "version": "1.9.2",
            "source": {
                "type": "git",
                "url": "https://github.com/krokedil/woocommerce.git",
                "reference": "6c38cf569df5eeb3598f206d449eca86ae9ac402"
            },
            "dist": {
                "type": "zip",
                "url": "https://api.github.com/repos/krokedil/woocommerce/zipball/6c38cf569df5eeb3598f206d449eca86ae9ac402",
                "reference": "6c38cf569df5eeb3598f206d449eca86ae9ac402",
                "shasum": ""
            },
            "require-dev": {
                "10up/wp_mock": "^1.0",
                "php": "~7.4 || ~8.0",
                "php-stubs/woocommerce-stubs": "^7.2",
                "php-stubs/wordpress-stubs": "^6.1"
            },
            "type": "library",
            "autoload": {
                "psr-4": {
                    "Krokedil\\WooCommerce\\": "src/"
                }
            },
            "autoload-dev": {
                "psr-4": {
                    "Krokedil\\WooCommerce\\Tests\\": "tests/"
                }
            },
            "license": [
                "GPL-V2"
            ],
            "authors": [
                {
                    "name": "Krokedil AB",
                    "email": "info@krokedil.se"
                }
            ],
            "description": "A library package for Krokedils plugins that contains helper methods when working with WooCommerce.",
            "support": {
                "source": "https://github.com/krokedil/woocommerce/tree/1.9.2",
                "issues": "https://github.com/krokedil/woocommerce/issues"
            },
            "time": "2026-08-14T09:23:09+00:00"
        },
        {
            "name": "krokedil/wp-api",
            "version": "1.2.0",
            "source": {
                "type": "git",
                "url": "https://github.com/krokedil/wp-api.git",
                "reference": "3473dd2fb6b31ed5060ecd69877c98b5287ebe48"
            },
            "dist": {
                "type": "zip",
                "url": "https://api.github.com/repos/krokedil/wp-api/zipball/3473dd2fb6b31ed5060ecd69877c98b5287ebe48",
                "reference": "3473dd2fb6b31ed5060ecd69877c98b5287ebe48",
                "shasum": ""
            },
            "require-dev": {
                "dealerdirect/phpcodesniffer-composer-installer": "^1.0",
                "php": "~7.1 || ~8.0",
                "php-stubs/woocommerce-stubs": "^7.2",
                "php-stubs/wordpress-stubs": "^6.1",
                "phpstan/phpstan": "^2.0",
                "phpunit/phpunit": "^9.6",
                "squizlabs/php_codesniffer": "^3.13",
                "szepeviktor/phpstan-wordpress": "^2.0",
                "wp-coding-standards/wpcs": "^3.1"
            },
            "type": "library",
            "autoload": {
                "psr-4": {
                    "Krokedil\\WpApi\\": "src/"
                }
            },
            "scripts": {
                "test": [
                    "phpunit"
                ],
                "phpcs": [
                    "phpcs"
                ],
                "phpcbf": [
                    "phpcbf"
                ],
                "phpstan": [
                    "phpstan analyse --memory-limit=1G"
                ]
            },
            "license": [
                "GPL-V2"
            ],
            "authors": [
                {
                    "name": "Krokedil AB",
                    "email": "info@krokedil.se"
                }
            ],
            "description": "A composer library for Krokedil WordPress plugins that contains classes for working with wp_remote_request to setup request classes. Also uses the WooCommerce logger to log request reponses.",
            "support": {
                "source": "https://github.com/krokedil/wp-api/tree/1.2.0",
                "issues": "https://github.com/krokedil/wp-api/issues"
            },
            "time": "2026-10-07T08:46:15+00:00"
        }
    ],
    "packages-dev": [],
    "aliases": [],
    "minimum-stability": "dev",
    "stability-flags": {},
    "prefer-stable": true,
    "prefer-lowest": false,
    "platform": {
        "php": ">=7.4"
    },
    "platform-dev": {},
    "platform-overrides": {
        "php": "7.4"
    },
    "plugin-api-version": "2.9.0"
}
